// !$*UTF8*$!
{
	archiveVersion = 1;
	classes = {
	};
	objectVersion = 46;
	objects = {

/* Begin PBXBuildFile section */
		CBA75D781A31903C00D3C7B8 /* main.m in Sources */ = {isa = PBXBuildFile; fileRef = CBA75D771A31903C00D3C7B8 /* main.m */; };
		CBA75D7B1A31903C00D3C7B8 /* AppDelegate.m in Sources */ = {isa = PBXBuildFile; fileRef = CBA75D7A1A31903C00D3C7B8 /* AppDelegate.m */; };
		CBA75D7E1A31903C00D3C7B8 /* MasterViewController.m in Sources */ = {isa = PBXBuildFile; fileRef = CBA75D7D1A31903C00D3C7B8 /* MasterViewController.m */; };
		CBA75D811A31903C00D3C7B8 /* DetailViewController.m in Sources */ = {isa = PBXBuildFile; fileRef = CBA75D801A31903C00D3C7B8 /* DetailViewController.m */; };
		CBA75D841A31903C00D3C7B8 /* Main.storyboard in Resources */ = {isa = PBXBuildFile; fileRef = CBA75D821A31903C00D3C7B8 /* Main.storyboard */; };
		CBA75D861A31903C00D3C7B8 /* Images.xcassets in Resources */ = {isa = PBXBuildFile; fileRef = CBA75D851A31903C00D3C7B8 /* Images.xcassets */; };
		CBA75D891A31903C00D3C7B8 /* LaunchScreen.xib in Resources */ = {isa = PBXBuildFile; fileRef = CBA75D871A31903C00D3C7B8 /* LaunchScreen.xib */; };
		CBA75D951A31903C00D3C7B8 /* TestTests.m in Sources */ = {isa = PBXBuildFile; fileRef = CBA75D941A31903C00D3C7B8 /* TestTests.m */; };
/* End PBXBuildFile section */

/* Begin PBXContainerItemProxy section */
		CBA75D8F1A31903C00D3C7B8 /* PBXContainerItemProxy */ = {
			isa = PBXContainerItemProxy;
			containerPortal = CBA75D6A1A31903C00D3C7B8 /* Project object */;
			proxyType = 1;
			remoteGlobalIDString = CBA75D711A31903C00D3C7B8;
			remoteInfo = Test;
		};
/* End PBXContainerItemProxy section */

/* Begin PBXFileReference section */
		CBA75D721A31903C00D3C7B8 /* Test.app */ = {isa = PBXFileReference; explicitFileType = wrapper.application; includeInIndex = 0; path = Test.app; sourceTree = BUILT_PRODUCTS_DIR; };
		CBA75D761A31903C00D3C7B8 /* Info.plist */ = {isa = PBXFileReference; lastKnownFileType = text.plist.xml; path = Info.plist; sourceTree = "<group>"; };
		CBA75D771A31903C00D3C7B8 /* main.m */ = {isa = PBXFileReference; lastKnownFileType = sourcecode.c.objc; path = main.m; sourceTree = "<group>"; };
		CBA75D791A31903C00D3C7B8 /* AppDelegate.h */ = {isa = PBXFileReference; lastKnownFileType = sourcecode.c.h; path = AppDelegate.h; sourceTree = "<group>"; };
		CBA75D7A1A31903C00D3C7B8 /* AppDelegate.m */ = {isa = PBXFileReference; lastKnownFileType = sourcecode.c.objc; path = AppDelegate.m; sourceTree = "<group>"; };
		CBA75D7C1A31903C00D3C7B8 /* MasterViewController.h */ = {isa = PBXFileReference; lastKnownFileType = sourcecode.c.h; path = MasterViewController.h; sourceTree = "<group>"; };
		CBA75D7D1A31903C00D3C7B8 /* MasterViewController.m */ = {isa = PBXFileReference; lastKnownFileType = sourcecode.c.objc; path = MasterViewController.m; sourceTree = "<group>"; };
		CBA75D7F1A31903C00D3C7B8 /* DetailViewController.h */ = {isa = PBXFileReference; lastKnownFileType = sourcecode.c.h; path = DetailViewController.h; sourceTree = "<group>"; };
		CBA75D801A31903C00D3C7B8 /* DetailViewController.m */ = {isa = PBXFileReference; lastKnownFileType = sourcecode.c.objc; path = DetailViewController.m; sourceTree = "<group>"; };
		CBA75D831A31903C00D3C7B8 /* Base */ = {isa = PBXFileReference; lastKnownFileType = file.storyboard; name = Base; path = Base.lproj/Main.storyboard; sourceTree = "<group>"; };
		CBA75D851A31903C00D3C7B8 /* Images.xcassets */ = {isa = PBXFileReference; lastKnownFileType = folder.assetcatalog; path = Images.xcassets; sourceTree = "<group>"; };
		CBA75D881A31903C00D3C7B8 /* Base */ = {isa = PBXFileReference; lastKnownFileType = file.xib; name = Base; path = Base.lproj/LaunchScreen.xib; sourceTree = "<group>"; };
		CBA75D8E1A31903C00D3C7B8 /* TestTests.xctest */ = {isa = PBXFileReference; explicitFileType = wrapper.cfbundle; includeInIndex = 0; path = TestTests.xctest; sourceTree = BUILT_PRODUCTS_DIR; };
		CBA75D931A31903C00D3C7B8 /* Info.plist */ = {isa = PBXFileReference; lastKnownFileType = text.plist.xml; path = Info.plist; sourceTree = "<group>"; };
		CBA75D941A31903C00D3C7B8 /* TestTests.m */ = {isa = PBXFileReference; lastKnownFileType = sourcecode.c.objc; path = TestTests.m; sourceTree = "<group>"; };
/* End PBXFileReference section */

/* Begin PBXFrameworksBuildPhase section */
		CBA75D6F1A31903C00D3C7B8 /* Frameworks */ = {
			isa = PBXFrameworksBuildPhase;
			buildActionMask = 2147483647;
			files = (
			);
			runOnlyForDeploymentPostprocessing = 0;
		};
		CBA75D8B1A31903C00D3C7B8 /* Frameworks */ = {
			isa = PBXFrameworksBuildPhase;
			buildActionMask = 2147483647;
			files = (
			);
			runOnlyForDeploymentPostprocessing = 0;
		};
/* End PBXFrameworksBuildPhase section */

/* Begin PBXGroup section */
		CBA75D691A31903C00D3C7B8 = {
			isa = PBXGroup;
			children = (
				CBA75D741A31903C00D3C7B8 /* Test */,
				CBA75D911A31903C00D3C7B8 /* TestTests */,
				CBA75D731A31903C00D3C7B8 /* Products */,
			);
			sourceTree = "<group>";
		};
		CBA75D731A31903C00D3C7B8 /* Products */ = {
			isa = PBXGroup;
			children = (
				CBA75D721A31903C00D3C7B8 /* Test.app */,
				CBA75D8E1A31903C00D3C7B8 /* TestTests.xctest */,
			);
			name = Products;
			sourceTree = "<group>";
		};
		CBA75D741A31903C00D3C7B8 /* Test */ = {
			isa = PBXGroup;
			children = (
				CBA75D791A31903C00D3C7B8 /* AppDelegate.h */,
				CBA75D7A1A31903C00D3C7B8 /* AppDelegate.m */,
				CBA75D7C1A31903C00D3C7B8 /* MasterViewController.h */,
				CBA75D7D1A31903C00D3C7B8 /* MasterViewController.m */,
				CBA75D7F1A31903C00D3C7B8 /* DetailViewController.h */,
				CBA75D801A31903C00D3C7B8 /* DetailViewController.m */,
				CBA75D821A31903C00D3C7B8 /* Main.storyboard */,
				CBA75D851A31903C00D3C7B8 /* Images.xcassets */,
				CBA75D871A31903C00D3C7B8 /* LaunchScreen.xib */,
				CBA75D751A31903C00D3C7B8 /* Supporting Files */,
			);
			path = Test;
			sourceTree = "<group>";
		};
		CBA75D751A31903C00D3C7B8 /* Supporting Files */ = {
			isa = PBXGroup;
			children = (
				CBA75D761A31903C00D3C7B8 /* Info.plist */,
				CBA75D771A31903C00D3C7B8 /* main.m */,
			);
			name = "Supporting Files";
			sourceTree = "<group>";
		};
		CBA75D911A31903C00D3C7B8 /* TestTests */ = {
			isa = PBXGroup;
			children = (
				CBA75D941A31903C00D3C7B8 /* TestTests.m */,
				CBA75D921A31903C00D3C7B8 /* Supporting Files */,
			);
			path = TestTests;
			sourceTree = "<group>";
		};
		CBA75D921A31903C00D3C7B8 /* Supporting Files */ = {
			isa = PBXGroup;
			children = (
				CBA75D931A31903C00D3C7B8 /* Info.plist */,
			);
			name = "Supporting Files";
			sourceTree = "<group>";
		};
/* End PBXGroup section */

/* Begin PBXNativeTarget section */
		CBA75D711A31903C00D3C7B8 /* Test */ = {
			isa = PBXNativeTarget;
			buildConfigurationList = CBA75D981A31903C00D3C7B8 /* Build configuration list for PBXNativeTarget "Test" */;
			buildPhases = (
				CBA75D6E1A31903C00D3C7B8 /* Sources */,
				CBA75D6F1A31903C00D3C7B8 /* Frameworks */,
				CBA75D701A31903C00D3C7B8 /* Resources */,
			);
			buildRules = (
			);
			dependencies = (
			);
			name = Test;
			productName = Test;
			productReference = CBA75D721A31903C00D3C7B8 /* Test.app */;
			productType = "com.apple.product-type.application";
		};
		CBA75D8D1A31903C00D3C7B8 /* TestTests */ = {
			isa = PBXNativeTarget;
			buildConfigurationList = CBA75D9B1A31903C00D3C7B8 /* Build configuration list for PBXNativeTarget "TestTests" */;
			buildPhases = (
				CBA75D8A1A31903C00D3C7B8 /* Sources */,
				CBA75D8B1A31903C00D3C7B8 /* Frameworks */,
				CBA75D8C1A31903C00D3C7B8 /* Resources */,
			);
			buildRules = (
			);
			dependencies = (
				CBA75D901A31903C00D3C7B8 /* PBXTargetDependency */,
			);
			name = TestTests;
			productName = TestTests;
			productReference = CBA75D8E1A31903C00D3C7B8 /* TestTests.xctest */;
			productType = "com.apple.product-type.bundle.unit-test";
		};
/* End PBXNativeTarget section */

/* Begin PBXProject section */
		CBA75D6A1A31903C00D3C7B8 /* Project object */ = {
			isa = PBXProject;
			attributes = {
				LastUpgradeCheck = 0610;
				ORGANIZATIONNAME = FWD;
				TargetAttributes = {
					CBA75D711A31903C00D3C7B8 = {
						CreatedOnToolsVersion = 6.1.1;
						DevelopmentTeam = VUM3U2HPV3;
					};
					CBA75D8D1A31903C00D3C7B8 = {
						CreatedOnToolsVersion = 6.1.1;
						TestTargetID = CBA75D711A31903C00D3C7B8;
					};
				};
			};
			buildConfigurationList = CBA75D6D1A31903C00D3C7B8 /* Build configuration list for PBXProject "Test" */;
			compatibilityVersion = "Xcode 3.2";
			developmentRegion = English;
			hasScannedForEncodings = 0;
			knownRegions = (
				en,
				Base,
			);
			mainGroup = CBA75D691A31903C00D3C7B8;
			productRefGroup = CBA75D731A31903C00D3C7B8 /* Products */;
			projectDirPath = "";
			projectRoot = "";
			targets = (
				CBA75D711A31903C00D3C7B8 /* Test */,
				CBA75D8D1A31903C00D3C7B8 /* TestTests */,
			);
		};
/* End PBXProject section */

/* Begin PBXResourcesBuildPhase section */
		CBA75D701A31903C00D3C7B8 /* Resources */ = {
			isa = PBXResourcesBuildPhase;
			buildActionMask = 2147483647;
			files = (
				CBA75D841A31903C00D3C7B8 /* Main.storyboard in Resources */,
				CBA75D891A31903C00D3C7B8 /* LaunchScreen.xib in Resources */,
				CBA75D861A31903C00D3C7B8 /* Images.xcassets in Resources */,
			);
			runOnlyForDeploymentPostprocessing = 0;
		};
		CBA75D8C1A31903C00D3C7B8 /* Resources */ = {
			isa = PBXResourcesBuildPhase;
			buildActionMask = 2147483647;
			files = (
			);
			runOnlyForDeploymentPostprocessing = 0;
		};
/* End PBXResourcesBuildPhase section */

/* Begin PBXSourcesBuildPhase section */
		CBA75D6E1A31903C00D3C7B8 /* Sources */ = {
			isa = PBXSourcesBuildPhase;
			buildActionMask = 2147483647;
			files = (
				CBA75D7B1A31903C00D3C7B8 /* AppDelegate.m in Sources */,
				CBA75D7E1A31903C00D3C7B8 /* MasterViewController.m in Sources */,
				CBA75D781A31903C00D3C7B8 /* main.m in Sources */,
				CBA75D811A31903C00D3C7B8 /* DetailViewController.m in Sources */,
			);
			runOnlyForDeploymentPostprocessing = 0;
		};
		CBA75D8A1A31903C00D3C7B8 /* Sources */ = {
			isa = PBXSourcesBuildPhase;
			buildActionMask = 2147483647;
			files = (
				CBA75D951A31903C00D3C7B8 /* TestTests.m in Sources */,
			);
			runOnlyForDeploymentPostprocessing = 0;
		};
/* End PBXSourcesBuildPhase section */

/* Begin PBXTargetDependency section */
		CBA75D901A31903C00D3C7B8 /* PBXTargetDependency */ = {
			isa = PBXTargetDependency;
			target = CBA75D711A31903C00D3C7B8 /* Test */;
			targetProxy = CBA75D8F1A31903C00D3C7B8 /* PBXContainerItemProxy */;
		};
/* End PBXTargetDependency section */

/* Begin PBXVariantGroup section */
		CBA75D821A31903C00D3C7B8 /* Main.storyboard */ = {
			isa = PBXVariantGroup;
			children = (
				CBA75D831A31903C00D3C7B8 /* Base */,
			);
			name = Main.storyboard;
			sourceTree = "<group>";
		};
		CBA75D871A31903C00D3C7B8 /* LaunchScreen.xib */ = {
			isa = PBXVariantGroup;
			children = (
				CBA75D881A31903C00D3C7B8 /* Base */,
			);
			name = LaunchScreen.xib;
			sourceTree = "<group>";
		};
/* End PBXVariantGroup section */

/* Begin XCBuildConfiguration section */
		CBA75D961A31903C00D3C7B8 /* Debug */ = {
			isa = XCBuildConfiguration;
			buildSettings = {
				ALWAYS_SEARCH_USER_PATHS = NO;
				CLANG_CXX_LANGUAGE_STANDARD = "gnu++0x";
				CLANG_CXX_LIBRARY = "libc++";
				CLANG_ENABLE_MODULES = YES;
				CLANG_ENABLE_OBJC_ARC = YES;
				CLANG_WARN_BOOL_CONVERSION = YES;
				CLANG_WARN_CONSTANT_CONVERSION = YES;
				CLANG_WARN_DIRECT_OBJC_ISA_USAGE = YES_ERROR;
				CLANG_WARN_EMPTY_BODY = YES;
				CLANG_WARN_ENUM_CONVERSION = YES;
				CLANG_WARN_INT_CONVERSION = YES;
				CLANG_WARN_OBJC_ROOT_CLASS = YES_ERROR;
				CLANG_WARN_UNREACHABLE_CODE = YES;
				CLANG_WARN__DUPLICATE_METHOD_MATCH = YES;
				"CODE_SIGN_IDENTITY[sdk=iphoneos*]" = "iPhone Developer";
				COPY_PHASE_STRIP = NO;
				ENABLE_STRICT_OBJC_MSGSEND = YES;
				GCC_C_LANGUAGE_STANDARD = gnu99;
				GCC_DYNAMIC_NO_PIC = NO;
				GCC_OPTIMIZATION_LEVEL = 0;
				GCC_PREPROCESSOR_DEFINITIONS = (
					"DEBUG=1",
					"$(inherited)",
				);
				GCC_SYMBOLS_PRIVATE_EXTERN = NO;
				GCC_WARN_64_TO_32_BIT_CONVERSION = YES;
				GCC_WARN_ABOUT_RETURN_TYPE = YES_ERROR;
				GCC_WARN_UNDECLARED_SELECTOR = YES;
				GCC_WARN_UNINITIALIZED_AUTOS = YES_AGGRESSIVE;
				GCC_WARN_UNUSED_FUNCTION = YES;
				GCC_WARN_UNUSED_VARIABLE = YES;
				IPHONEOS_DEPLOYMENT_TARGET = 8.1;
				MTL_ENABLE_DEBUG_INFO = YES;
				ONLY_ACTIVE_ARCH = YES;
				SDKROOT = iphoneos;
				TARGETED_DEVICE_FAMILY = "1,2";
			};
			name = Debug;
		};
		CBA75D971A31903C00D3C7B8 /* Release */ = {
			isa = XCBuildConfiguration;
			buildSettings = {
				ALWAYS_SEARCH_USER_PATHS = NO;
				CLANG_CXX_LANGUAGE_STANDARD = "gnu++0x";
				CLANG_CXX_LIBRARY = "libc++";
				CLANG_ENABLE_MODULES = YES;
				CLANG_ENABLE_OBJC_ARC = YES;
				CLANG_WARN_BOOL_CONVERSION = YES;
				CLANG_WARN_CONSTANT_CONVERSION = YES;
				CLANG_WARN_DIRECT_OBJC_ISA_USAGE = YES_ERROR;
				CLANG_WARN_EMPTY_BODY = YES;
				CLANG_WARN_ENUM_CONVERSION = YES;
				CLANG_WARN_INT_CONVERSION = YES;
				CLANG_WARN_OBJC_ROOT_CLASS = YES_ERROR;
				CLANG_WARN_UNREACHABLE_CODE = YES;
				CLANG_WARN__DUPLICATE_METHOD_MATCH = YES;
				"CODE_SIGN_IDENTITY[sdk=iphoneos*]" = "iPhone Developer";
				COPY_PHASE_STRIP = YES;
				ENABLE_NS_ASSERTIONS = NO;
				ENABLE_STRICT_OBJC_MSGSEND = YES;
				GCC_C_LANGUAGE_STANDARD = gnu99;
				GCC_WARN_64_TO_32_BIT_CONVERSION = YES;
				GCC_WARN_ABOUT_RETURN_TYPE = YES_ERROR;
				GCC_WARN_UNDECLARED_SELECTOR = YES;
				GCC_WARN_UNINITIALIZED_AUTOS = YES_AGGRESSIVE;
				GCC_WARN_UNUSED_FUNCTION = YES;
				GCC_WARN_UNUSED_VARIABLE = YES;
				IPHONEOS_DEPLOYMENT_TARGET = 8.1;
				MTL_ENABLE_DEBUG_INFO = NO;
				SDKROOT = iphoneos;
				TARGETED_DEVICE_FAMILY = "1,2";
				VALIDATE_PRODUCT = YES;
			};
			name = Release;
		};
		CBA75D991A31903C00D3C7B8 /* Debug */ = {
			isa = XCBuildConfiguration;
			buildSettings = {
				ASSETCATALOG_COMPILER_APPICON_NAME = AppIcon;
				CODE_SIGN_IDENTITY = "iPhone Developer";
				INFOPLIST_FILE = Test/Info.plist;
				LD_RUNPATH_SEARCH_PATHS = "$(inherited) @executable_path/Frameworks";
				PRODUCT_NAME = "$(TARGET_NAME)";
			};
			name = Debug;
		};
		CBA75D9A1A31903C00D3C7B8 /* Release */ = {
			isa = XCBuildConfiguration;
			buildSettings = {
				ASSETCATALOG_COMPILER_APPICON_NAME = AppIcon;
				CODE_SIGN_IDENTITY = "iPhone Developer";
				INFOPLIST_FILE = Test/Info.plist;
				LD_RUNPATH_SEARCH_PATHS = "$(inherited) @executable_path/Frameworks";
				PRODUCT_NAME = "$(TARGET_NAME)";
			};
			name = Release;
		};
		CBA75D9C1A31903C00D3C7B8 /* Debug */ = {
			isa = XCBuildConfiguration;
			buildSettings = {
				BUNDLE_LOADER = "$(TEST_HOST)";
				FRAMEWORK_SEARCH_PATHS = (
					"$(SDKROOT)/Developer/Library/Frameworks",
					"$(inherited)",
				);
				GCC_PREPROCESSOR_DEFINITIONS = (
					"DEBUG=1",
					"$(inherited)",
				);
				INFOPLIST_FILE = TestTests/Info.plist;
				LD_RUNPATH_SEARCH_PATHS = "$(inherited) @executable_path/Frameworks @loader_path/Frameworks";
				PRODUCT_NAME = "$(TARGET_NAME)";
				TEST_HOST = "$(BUILT_PRODUCTS_DIR)/Test.app/Test";
			};
			name = Debug;
		};
		CBA75D9D1A31903C00D3C7B8 /* Release */ = {
			isa = XCBuildConfiguration;
			buildSettings = {
				BUNDLE_LOADER = "$(TEST_HOST)";
				FRAMEWORK_SEARCH_PATHS = (
					"$(SDKROOT)/Developer/Library/Frameworks",
					"$(inherited)",
				);
				INFOPLIST_FILE = TestTests/Info.plist;
				LD_RUNPATH_SEARCH_PATHS = "$(inherited) @executable_path/Frameworks @loader_path/Frameworks";
				PRODUCT_NAME = "$(TARGET_NAME)";
				TEST_HOST = "$(BUILT_PRODUCTS_DIR)/Test.app/Test";
			};
			name = Release;
		};
/* End XCBuildConfiguration section */

/* Begin XCConfigurationList section */
		CBA75D6D1A31903C00D3C7B8 /* Build configuration list for PBXProject "Test" */ = {
			isa = XCConfigurationList;
			buildConfigurations = (
				CBA75D961A31903C00D3C7B8 /* Debug */,
				CBA75D971A31903C00D3C7B8 /* Release */,
			);
			defaultConfigurationIsVisible = 0;
			defaultConfigurationName = Release;
		};
		CBA75D981A31903C00D3C7B8 /* Build configuration list for PBXNativeTarget "Test" */ = {
			isa = XCConfigurationList;
			buildConfigurations = (
				CBA75D991A31903C00D3C7B8 /* Debug */,
				CBA75D9A1A31903C00D3C7B8 /* Release */,
			);
			defaultConfigurationIsVisible = 0;
		};
		CBA75D9B1A31903C00D3C7B8 /* Build configuration list for PBXNativeTarget "TestTests" */ = {
			isa = XCConfigurationList;
			buildConfigurations = (
				CBA75D9C1A31903C00D3C7B8 /* Debug */,
				CBA75D9D1A31903C00D3C7B8 /* Release */,
			);
			defaultConfigurationIsVisible = 0;
		};
/* End XCConfigurationList section */
	};
	rootObject = CBA75D6A1A31903C00D3C7B8 /* Project object */;
}
